
Microsoft Visual Studio Solution File, Format Version 12.00
Project("{FAE04EC0-301F-11D3-BF4B-00C04F79EFBC}") = "CMSPlus.Presentation", "CMSPlus.Presentation\CMSPlus.Presentation.csproj", "{52C33860-4571-478D-8A7D-3E82C8588F34}"
EndProject
Project("{FAE04EC0-301F-11D3-BF4B-00C04F79EFBC}") = "CMSPlus.Domain", "CMSPlus.Domain\CMSPlus.Domain.csproj", "{8CF41CAC-ECD4-41ED-B3F7-E0C9F838B66B}"
EndProject
Project("{FAE04EC0-301F-11D3-BF4B-00C04F79EFBC}") = "CMSPlus.Services", "CMSPlus.Services\CMSPlus.Services.csproj", "{47D6DBC7-B1A6-4278-A19A-88BED310199E}"
EndProject
Global
	GlobalSection(SolutionConfigurationPlatforms) = preSolution
		Debug|Any CPU = Debug|Any CPU
		Release|Any CPU = Release|Any CPU
	EndGlobalSection
	GlobalSection(ProjectConfigurationPlatforms) = postSolution
		{52C33860-4571-478D-8A7D-3E82C8588F34}.Debug|Any CPU.ActiveCfg = Debug|Any CPU
		{52C33860-4571-478D-8A7D-3E82C8588F34}.Debug|Any CPU.Build.0 = Debug|Any CPU
		{52C33860-4571-478D-8A7D-3E82C8588F34}.Release|Any CPU.ActiveCfg = Release|Any CPU
		{52C33860-4571-478D-8A7D-3E82C8588F34}.Release|Any CPU.Build.0 = Release|Any CPU
		{8CF41CAC-ECD4-41ED-B3F7-E0C9F838B66B}.Debug|Any CPU.ActiveCfg = Debug|Any CPU
		{8CF41CAC-ECD4-41ED-B3F7-E0C9F838B66B}.Debug|Any CPU.Build.0 = Debug|Any CPU
		{8CF41CAC-ECD4-41ED-B3F7-E0C9F838B66B}.Release|Any CPU.ActiveCfg = Release|Any CPU
		{8CF41CAC-ECD4-41ED-B3F7-E0C9F838B66B}.Release|Any CPU.Build.0 = Release|Any CPU
		{47D6DBC7-B1A6-4278-A19A-88BED310199E}.Debug|Any CPU.ActiveCfg = Debug|Any CPU
		{47D6DBC7-B1A6-4278-A19A-88BED310199E}.Debug|Any CPU.Build.0 = Debug|Any CPU
		{47D6DBC7-B1A6-4278-A19A-88BED310199E}.Release|Any CPU.ActiveCfg = Release|Any CPU
		{47D6DBC7-B1A6-4278-A19A-88BED310199E}.Release|Any CPU.Build.0 = Release|Any CPU
	EndGlobalSection
EndGlobal
